
Microsoft Visual Studio Solution File, Format Version 12.00
# Visual Studio 15
VisualStudioVersion = 15.0.26430.16
MinimumVisualStudioVersion = 10.0.40219.1
Project("{F184B08F-C81C-45F6-A57F-5ABD9991F28F}") = "ApiLoadTestUI", "ApiLoadTestUI\ApiLoadTestUI.vbproj", "{56AA2BFC-2966-423A-87F6-CE1DC3825098}"
EndProject
Project("{F184B08F-C81C-45F6-A57F-5ABD9991F28F}") = "ApiLoadTestTW", "ApiLoadTestTW\ApiLoadTestTW.vbproj", "{C635C6A2-20B4-4E33-BC5D-653360FF5470}"
EndProject
Project("{F184B08F-C81C-45F6-A57F-5ABD9991F28F}") = "ApiLoadTestIB", "ApiLoadTestIB\ApiLoadTestIB.vbproj", "{3A07D7A1-3DAB-4535-A03F-9051D9DDF66D}"
EndProject
Global
	GlobalSection(SolutionConfigurationPlatforms) = preSolution
		Debug|Any CPU = Debug|Any CPU
		Debug|x86 = Debug|x86
		Release|Any CPU = Release|Any CPU
		Release|x86 = Release|x86
	EndGlobalSection
	GlobalSection(ProjectConfigurationPlatforms) = postSolution
		{56AA2BFC-2966-423A-87F6-CE1DC3825098}.Debug|Any CPU.ActiveCfg = Debug|Any CPU
		{56AA2BFC-2966-423A-87F6-CE1DC3825098}.Debug|Any CPU.Build.0 = Debug|Any CPU
		{56AA2BFC-2966-423A-87F6-CE1DC3825098}.Debug|x86.ActiveCfg = Debug|Any CPU
		{56AA2BFC-2966-423A-87F6-CE1DC3825098}.Debug|x86.Build.0 = Debug|Any CPU
		{56AA2BFC-2966-423A-87F6-CE1DC3825098}.Release|Any CPU.ActiveCfg = Release|Any CPU
		{56AA2BFC-2966-423A-87F6-CE1DC3825098}.Release|Any CPU.Build.0 = Release|Any CPU
		{56AA2BFC-2966-423A-87F6-CE1DC3825098}.Release|x86.ActiveCfg = Release|Any CPU
		{56AA2BFC-2966-423A-87F6-CE1DC3825098}.Release|x86.Build.0 = Release|Any CPU
		{C635C6A2-20B4-4E33-BC5D-653360FF5470}.Debug|Any CPU.ActiveCfg = Debug|Any CPU
		{C635C6A2-20B4-4E33-BC5D-653360FF5470}.Debug|Any CPU.Build.0 = Debug|Any CPU
		{C635C6A2-20B4-4E33-BC5D-653360FF5470}.Debug|x86.ActiveCfg = Debug|Any CPU
		{C635C6A2-20B4-4E33-BC5D-653360FF5470}.Debug|x86.Build.0 = Debug|Any CPU
		{C635C6A2-20B4-4E33-BC5D-653360FF5470}.Release|Any CPU.ActiveCfg = Release|Any CPU
		{C635C6A2-20B4-4E33-BC5D-653360FF5470}.Release|Any CPU.Build.0 = Release|Any CPU
		{C635C6A2-20B4-4E33-BC5D-653360FF5470}.Release|x86.ActiveCfg = Release|Any CPU
		{C635C6A2-20B4-4E33-BC5D-653360FF5470}.Release|x86.Build.0 = Release|Any CPU
		{3A07D7A1-3DAB-4535-A03F-9051D9DDF66D}.Debug|Any CPU.ActiveCfg = Debug|Any CPU
		{3A07D7A1-3DAB-4535-A03F-9051D9DDF66D}.Debug|Any CPU.Build.0 = Debug|Any CPU
		{3A07D7A1-3DAB-4535-A03F-9051D9DDF66D}.Debug|x86.ActiveCfg = Debug|Any CPU
		{3A07D7A1-3DAB-4535-A03F-9051D9DDF66D}.Debug|x86.Build.0 = Debug|Any CPU
		{3A07D7A1-3DAB-4535-A03F-9051D9DDF66D}.Release|Any CPU.ActiveCfg = Release|Any CPU
		{3A07D7A1-3DAB-4535-A03F-9051D9DDF66D}.Release|Any CPU.Build.0 = Release|Any CPU
		{3A07D7A1-3DAB-4535-A03F-9051D9DDF66D}.Release|x86.ActiveCfg = Release|Any CPU
		{3A07D7A1-3DAB-4535-A03F-9051D9DDF66D}.Release|x86.Build.0 = Release|Any CPU
	EndGlobalSection
	GlobalSection(SolutionProperties) = preSolution
		HideSolutionNode = FALSE
	EndGlobalSection
	GlobalSection(ExtensibilityGlobals) = postSolution
		SolutionGuid = {2C043E32-4944-424F-9596-ACF67152104E}
	EndGlobalSection
EndGlobal
