
Microsoft Visual Studio Solution File, Format Version 12.00
# Visual Studio 15
VisualStudioVersion = 15.0.27703.2026
MinimumVisualStudioVersion = 10.0.40219.1
Project("{F184B08F-C81C-45F6-A57F-5ABD9991F28F}") = "IBAPI", "IBAPI.vbproj", "{695B8316-59B9-495A-913D-584E0DA17450}"
EndProject
Global
	GlobalSection(SolutionConfigurationPlatforms) = preSolution
		Debug|Any CPU = Debug|Any CPU
		Release|Any CPU = Release|Any CPU
	EndGlobalSection
	GlobalSection(ProjectConfigurationPlatforms) = postSolution
		{695B8316-59B9-495A-913D-584E0DA17450}.Debug|Any CPU.ActiveCfg = Debug|Any CPU
		{695B8316-59B9-495A-913D-584E0DA17450}.Debug|Any CPU.Build.0 = Debug|Any CPU
		{695B8316-59B9-495A-913D-584E0DA17450}.Release|Any CPU.ActiveCfg = Release|Any CPU
		{695B8316-59B9-495A-913D-584E0DA17450}.Release|Any CPU.Build.0 = Release|Any CPU
	EndGlobalSection
	GlobalSection(SolutionProperties) = preSolution
		HideSolutionNode = FALSE
	EndGlobalSection
	GlobalSection(ExtensibilityGlobals) = postSolution
		SolutionGuid = {8616042D-05D6-4C72-88A9-DC6A92793A50}
	EndGlobalSection
EndGlobal
