
Microsoft Visual Studio Solution File, Format Version 12.00
# Visual Studio 15
VisualStudioVersion = 15.0.26403.7
MinimumVisualStudioVersion = 10.0.40219.1
Project("{F184B08F-C81C-45F6-A57F-5ABD9991F28F}") = "SimpleTWSAPIDemo", "SimpleTWSAPIDemo.vbproj", "{7537017F-25EA-41E0-9A9B-596DBE99E86F}"
EndProject
Global
	GlobalSection(SolutionConfigurationPlatforms) = preSolution
		Debug|Any CPU = Debug|Any CPU
		Debug|x86 = Debug|x86
		Release|Any CPU = Release|Any CPU
		Release|x86 = Release|x86
	EndGlobalSection
	GlobalSection(ProjectConfigurationPlatforms) = postSolution
		{7537017F-25EA-41E0-9A9B-596DBE99E86F}.Debug|Any CPU.ActiveCfg = Debug|x86
		{7537017F-25EA-41E0-9A9B-596DBE99E86F}.Debug|x86.ActiveCfg = Debug|x86
		{7537017F-25EA-41E0-9A9B-596DBE99E86F}.Debug|x86.Build.0 = Debug|x86
		{7537017F-25EA-41E0-9A9B-596DBE99E86F}.Release|Any CPU.ActiveCfg = Release|x86
		{7537017F-25EA-41E0-9A9B-596DBE99E86F}.Release|x86.ActiveCfg = Release|x86
		{7537017F-25EA-41E0-9A9B-596DBE99E86F}.Release|x86.Build.0 = Release|x86
	EndGlobalSection
	GlobalSection(SolutionProperties) = preSolution
		HideSolutionNode = FALSE
	EndGlobalSection
EndGlobal
